
Microsoft Visual Studio Solution File, Format Version 12.00
# Visual Studio Version 16
VisualStudioVersion = 16.0.31321.278
MinimumVisualStudioVersion = 10.0.40219.1
Project("{FAE04EC0-301F-11D3-BF4B-00C04F79EFBC}") = "MusicServices", "MusicServices\MusicServices.csproj", "{8D1AC5FF-6FB2-4CF4-8D9E-A7E6B484B602}"
EndProject
Project("{FAE04EC0-301F-11D3-BF4B-00C04F79EFBC}") = "MusicServices.Test", "MusicServices.Test\MusicServices.Test.csproj", "{B1B474B1-3F10-4398-9205-25A7FF9B5A58}"
EndProject
Global
	GlobalSection(SolutionConfigurationPlatforms) = preSolution
		Debug|Any CPU = Debug|Any CPU
		Release|Any CPU = Release|Any CPU
	EndGlobalSection
	GlobalSection(ProjectConfigurationPlatforms) = postSolution
		{8D1AC5FF-6FB2-4CF4-8D9E-A7E6B484B602}.Debug|Any CPU.ActiveCfg = Debug|Any CPU
		{8D1AC5FF-6FB2-4CF4-8D9E-A7E6B484B602}.Debug|Any CPU.Build.0 = Debug|Any CPU
		{8D1AC5FF-6FB2-4CF4-8D9E-A7E6B484B602}.Release|Any CPU.ActiveCfg = Release|Any CPU
		{8D1AC5FF-6FB2-4CF4-8D9E-A7E6B484B602}.Release|Any CPU.Build.0 = Release|Any CPU
		{B1B474B1-3F10-4398-9205-25A7FF9B5A58}.Debug|Any CPU.ActiveCfg = Debug|Any CPU
		{B1B474B1-3F10-4398-9205-25A7FF9B5A58}.Debug|Any CPU.Build.0 = Debug|Any CPU
		{B1B474B1-3F10-4398-9205-25A7FF9B5A58}.Release|Any CPU.ActiveCfg = Release|Any CPU
		{B1B474B1-3F10-4398-9205-25A7FF9B5A58}.Release|Any CPU.Build.0 = Release|Any CPU
	EndGlobalSection
	GlobalSection(SolutionProperties) = preSolution
		HideSolutionNode = FALSE
	EndGlobalSection
	GlobalSection(ExtensibilityGlobals) = postSolution
		SolutionGuid = {7B227041-6853-4CA7-9505-2194D529779B}
	EndGlobalSection
EndGlobal
